// !$*UTF8*$!
{
	archiveVersion = 1;
	classes = {
	};
	objectVersion = 50;
	objects = {

/* Begin PBXBuildFile section */
		D197B1517BBE3DCBC3A867F8 /* LaunchScreen.storyboard in Resources */ = {isa = PBXBuildFile; fileRef = D197BD69535E231379147B0B /* LaunchScreen.storyboard */; };
		D197B25ACCD2165BDBA77A99 /* Assets.xcassets in Resources */ = {isa = PBXBuildFile; fileRef = D197B4D3A5ED51F0D83B2691 /* Assets.xcassets */; };
		D197B6B7367875677D139C24 /* RobotViewModel.swift in Sources */ = {isa = PBXBuildFile; fileRef = D197B8D3EFA544AA37A604B5 /* RobotViewModel.swift */; };
		D197B86E2751D91CD421D578 /* Robot.swift in Sources */ = {isa = PBXBuildFile; fileRef = D197BAF682595382982E405C /* Robot.swift */; };
		D197B872982D0996C9E8DCD4 /* InputViewController.swift in Sources */ = {isa = PBXBuildFile; fileRef = D197B3B7B881048D99842A24 /* InputViewController.swift */; };
		D197BAB62DB76C6E75B730C3 /* InputViewModel.swift in Sources */ = {isa = PBXBuildFile; fileRef = D197B8232E370466E0F5B514 /* InputViewModel.swift */; };
		D197BB0F3965185B5A37BEBF /* InputViewModelTests.swift in Sources */ = {isa = PBXBuildFile; fileRef = D197B6A58AC7D6B4FF660CE1 /* InputViewModelTests.swift */; };
		D197BF2459B5425A61E3EC66 /* SceneDelegate.swift in Sources */ = {isa = PBXBuildFile; fileRef = D197B8E2B25B2CC0736140F1 /* SceneDelegate.swift */; };
		D197BFBD9F4C1A2C20DE14C9 /* AppDelegate.swift in Sources */ = {isa = PBXBuildFile; fileRef = D197BD38232A8B3270B8B0F8 /* AppDelegate.swift */; };
		E68E6D87257CFE52005CD14E /* RobotViewModelTests.swift in Sources */ = {isa = PBXBuildFile; fileRef = E68E6D86257CFE52005CD14E /* RobotViewModelTests.swift */; };
/* End PBXBuildFile section */

/* Begin PBXContainerItemProxy section */
		E68E6D83257CFE52005CD14E /* PBXContainerItemProxy */ = {
			isa = PBXContainerItemProxy;
			containerPortal = E68E6D64257CFE50005CD14E /* Project object */;
			proxyType = 1;
			remoteGlobalIDString = E68E6D6B257CFE50005CD14E;
			remoteInfo = RobotApp;
		};
/* End PBXContainerItemProxy section */

/* Begin PBXFileReference section */
		D197B3B7B881048D99842A24 /* InputViewController.swift */ = {isa = PBXFileReference; fileEncoding = 4; lastKnownFileType = sourcecode.swift; path = InputViewController.swift; sourceTree = "<group>"; };
		D197B4D3A5ED51F0D83B2691 /* Assets.xcassets */ = {isa = PBXFileReference; lastKnownFileType = folder.assetcatalog; path = Assets.xcassets; sourceTree = "<group>"; };
		D197B63491A685F58E44A9D4 /* Info.plist */ = {isa = PBXFileReference; fileEncoding = 4; lastKnownFileType = text.plist.info; path = Info.plist; sourceTree = "<group>"; };
		D197B6A58AC7D6B4FF660CE1 /* InputViewModelTests.swift */ = {isa = PBXFileReference; fileEncoding = 4; lastKnownFileType = sourcecode.swift; path = InputViewModelTests.swift; sourceTree = "<group>"; };
		D197B8232E370466E0F5B514 /* InputViewModel.swift */ = {isa = PBXFileReference; fileEncoding = 4; lastKnownFileType = sourcecode.swift; path = InputViewModel.swift; sourceTree = "<group>"; };
		D197B8D3EFA544AA37A604B5 /* RobotViewModel.swift */ = {isa = PBXFileReference; fileEncoding = 4; lastKnownFileType = sourcecode.swift; path = RobotViewModel.swift; sourceTree = "<group>"; };
		D197B8E2B25B2CC0736140F1 /* SceneDelegate.swift */ = {isa = PBXFileReference; fileEncoding = 4; lastKnownFileType = sourcecode.swift; path = SceneDelegate.swift; sourceTree = "<group>"; };
		D197BAF682595382982E405C /* Robot.swift */ = {isa = PBXFileReference; fileEncoding = 4; lastKnownFileType = sourcecode.swift; path = Robot.swift; sourceTree = "<group>"; };
		D197BD38232A8B3270B8B0F8 /* AppDelegate.swift */ = {isa = PBXFileReference; fileEncoding = 4; lastKnownFileType = sourcecode.swift; path = AppDelegate.swift; sourceTree = "<group>"; };
		D197BD69535E231379147B0B /* LaunchScreen.storyboard */ = {isa = PBXFileReference; lastKnownFileType = file.storyboard; path = LaunchScreen.storyboard; sourceTree = "<group>"; };
		E68E6D6C257CFE50005CD14E /* RobotApp.app */ = {isa = PBXFileReference; explicitFileType = wrapper.application; includeInIndex = 0; path = RobotApp.app; sourceTree = BUILT_PRODUCTS_DIR; };
		E68E6D82257CFE52005CD14E /* RobotAppTests.xctest */ = {isa = PBXFileReference; explicitFileType = wrapper.cfbundle; includeInIndex = 0; path = RobotAppTests.xctest; sourceTree = BUILT_PRODUCTS_DIR; };
		E68E6D86257CFE52005CD14E /* RobotViewModelTests.swift */ = {isa = PBXFileReference; lastKnownFileType = sourcecode.swift; path = RobotViewModelTests.swift; sourceTree = "<group>"; };
		E68E6D88257CFE52005CD14E /* Info.plist */ = {isa = PBXFileReference; lastKnownFileType = text.plist.xml; path = Info.plist; sourceTree = "<group>"; };
/* End PBXFileReference section */

/* Begin PBXFrameworksBuildPhase section */
		E68E6D69257CFE50005CD14E /* Frameworks */ = {
			isa = PBXFrameworksBuildPhase;
			buildActionMask = 2147483647;
			files = (
			);
			runOnlyForDeploymentPostprocessing = 0;
		};
		E68E6D7F257CFE52005CD14E /* Frameworks */ = {
			isa = PBXFrameworksBuildPhase;
			buildActionMask = 2147483647;
			files = (
			);
			runOnlyForDeploymentPostprocessing = 0;
		};
/* End PBXFrameworksBuildPhase section */

/* Begin PBXGroup section */
		D197B1B2A8AE234A5053010C /* Resources */ = {
			isa = PBXGroup;
			children = (
				D197BD38232A8B3270B8B0F8 /* AppDelegate.swift */,
				D197B63491A685F58E44A9D4 /* Info.plist */,
				D197B8E2B25B2CC0736140F1 /* SceneDelegate.swift */,
				D197B4D3A5ED51F0D83B2691 /* Assets.xcassets */,
				D197BD69535E231379147B0B /* LaunchScreen.storyboard */,
			);
			path = Resources;
			sourceTree = "<group>";
		};
		E68E6D63257CFE50005CD14E = {
			isa = PBXGroup;
			children = (
				E68E6D6E257CFE50005CD14E /* RobotApp */,
				E68E6D85257CFE52005CD14E /* RobotAppTests */,
				E68E6D6D257CFE50005CD14E /* Products */,
			);
			sourceTree = "<group>";
		};
		E68E6D6D257CFE50005CD14E /* Products */ = {
			isa = PBXGroup;
			children = (
				E68E6D6C257CFE50005CD14E /* RobotApp.app */,
				E68E6D82257CFE52005CD14E /* RobotAppTests.xctest */,
			);
			name = Products;
			sourceTree = "<group>";
		};
		E68E6D6E257CFE50005CD14E /* RobotApp */ = {
			isa = PBXGroup;
			children = (
				D197BAF682595382982E405C /* Robot.swift */,
				D197B8D3EFA544AA37A604B5 /* RobotViewModel.swift */,
				D197B3B7B881048D99842A24 /* InputViewController.swift */,
				D197B8232E370466E0F5B514 /* InputViewModel.swift */,
				D197B1B2A8AE234A5053010C /* Resources */,
			);
			path = RobotApp;
			sourceTree = "<group>";
		};
		E68E6D85257CFE52005CD14E /* RobotAppTests */ = {
			isa = PBXGroup;
			children = (
				E68E6D86257CFE52005CD14E /* RobotViewModelTests.swift */,
				E68E6D88257CFE52005CD14E /* Info.plist */,
				D197B6A58AC7D6B4FF660CE1 /* InputViewModelTests.swift */,
			);
			path = RobotAppTests;
			sourceTree = "<group>";
		};
/* End PBXGroup section */

/* Begin PBXNativeTarget section */
		E68E6D6B257CFE50005CD14E /* RobotApp */ = {
			isa = PBXNativeTarget;
			buildConfigurationList = E68E6D8B257CFE52005CD14E /* Build configuration list for PBXNativeTarget "RobotApp" */;
			buildPhases = (
				E68E6D68257CFE50005CD14E /* Sources */,
				E68E6D69257CFE50005CD14E /* Frameworks */,
				E68E6D6A257CFE50005CD14E /* Resources */,
			);
			buildRules = (
			);
			dependencies = (
			);
			name = RobotApp;
			productName = RobotApp;
			productReference = E68E6D6C257CFE50005CD14E /* RobotApp.app */;
			productType = "com.apple.product-type.application";
		};
		E68E6D81257CFE52005CD14E /* RobotAppTests */ = {
			isa = PBXNativeTarget;
			buildConfigurationList = E68E6D8E257CFE52005CD14E /* Build configuration list for PBXNativeTarget "RobotAppTests" */;
			buildPhases = (
				E68E6D7E257CFE52005CD14E /* Sources */,
				E68E6D7F257CFE52005CD14E /* Frameworks */,
				E68E6D80257CFE52005CD14E /* Resources */,
			);
			buildRules = (
			);
			dependencies = (
				E68E6D84257CFE52005CD14E /* PBXTargetDependency */,
			);
			name = RobotAppTests;
			productName = RobotAppTests;
			productReference = E68E6D82257CFE52005CD14E /* RobotAppTests.xctest */;
			productType = "com.apple.product-type.bundle.unit-test";
		};
/* End PBXNativeTarget section */

/* Begin PBXProject section */
		E68E6D64257CFE50005CD14E /* Project object */ = {
			isa = PBXProject;
			attributes = {
				LastSwiftUpdateCheck = 1130;
				LastUpgradeCheck = 1130;
				ORGANIZATIONNAME = "Marijn Schilling";
				TargetAttributes = {
					E68E6D6B257CFE50005CD14E = {
						CreatedOnToolsVersion = 11.3.1;
					};
					E68E6D81257CFE52005CD14E = {
						CreatedOnToolsVersion = 11.3.1;
						TestTargetID = E68E6D6B257CFE50005CD14E;
					};
				};
			};
			buildConfigurationList = E68E6D67257CFE50005CD14E /* Build configuration list for PBXProject "RobotApp" */;
			compatibilityVersion = "Xcode 9.3";
			developmentRegion = en;
			hasScannedForEncodings = 0;
			knownRegions = (
				en,
				Base,
			);
			mainGroup = E68E6D63257CFE50005CD14E;
			productRefGroup = E68E6D6D257CFE50005CD14E /* Products */;
			projectDirPath = "";
			projectRoot = "";
			targets = (
				E68E6D6B257CFE50005CD14E /* RobotApp */,
				E68E6D81257CFE52005CD14E /* RobotAppTests */,
			);
		};
/* End PBXProject section */

/* Begin PBXResourcesBuildPhase section */
		E68E6D6A257CFE50005CD14E /* Resources */ = {
			isa = PBXResourcesBuildPhase;
			buildActionMask = 2147483647;
			files = (
				D197B25ACCD2165BDBA77A99 /* Assets.xcassets in Resources */,
				D197B1517BBE3DCBC3A867F8 /* LaunchScreen.storyboard in Resources */,
			);
			runOnlyForDeploymentPostprocessing = 0;
		};
		E68E6D80257CFE52005CD14E /* Resources */ = {
			isa = PBXResourcesBuildPhase;
			buildActionMask = 2147483647;
			files = (
			);
			runOnlyForDeploymentPostprocessing = 0;
		};
/* End PBXResourcesBuildPhase section */

/* Begin PBXSourcesBuildPhase section */
		E68E6D68257CFE50005CD14E /* Sources */ = {
			isa = PBXSourcesBuildPhase;
			buildActionMask = 2147483647;
			files = (
				D197B86E2751D91CD421D578 /* Robot.swift in Sources */,
				D197B6B7367875677D139C24 /* RobotViewModel.swift in Sources */,
				D197B872982D0996C9E8DCD4 /* InputViewController.swift in Sources */,
				D197BAB62DB76C6E75B730C3 /* InputViewModel.swift in Sources */,
				D197BFBD9F4C1A2C20DE14C9 /* AppDelegate.swift in Sources */,
				D197BF2459B5425A61E3EC66 /* SceneDelegate.swift in Sources */,
			);
			runOnlyForDeploymentPostprocessing = 0;
		};
		E68E6D7E257CFE52005CD14E /* Sources */ = {
			isa = PBXSourcesBuildPhase;
			buildActionMask = 2147483647;
			files = (
				E68E6D87257CFE52005CD14E /* RobotViewModelTests.swift in Sources */,
				D197BB0F3965185B5A37BEBF /* InputViewModelTests.swift in Sources */,
			);
			runOnlyForDeploymentPostprocessing = 0;
		};
/* End PBXSourcesBuildPhase section */

/* Begin PBXTargetDependency section */
		E68E6D84257CFE52005CD14E /* PBXTargetDependency */ = {
			isa = PBXTargetDependency;
			target = E68E6D6B257CFE50005CD14E /* RobotApp */;
			targetProxy = E68E6D83257CFE52005CD14E /* PBXContainerItemProxy */;
		};
/* End PBXTargetDependency section */

/* Begin XCBuildConfiguration section */
		E68E6D89257CFE52005CD14E /* Debug */ = {
			isa = XCBuildConfiguration;
			buildSettings = {
				ALWAYS_SEARCH_USER_PATHS = NO;
				CLANG_ANALYZER_NONNULL = YES;
				CLANG_ANALYZER_NUMBER_OBJECT_CONVERSION = YES_AGGRESSIVE;
				CLANG_CXX_LANGUAGE_STANDARD = "gnu++14";
				CLANG_CXX_LIBRARY = "libc++";
				CLANG_ENABLE_MODULES = YES;
				CLANG_ENABLE_OBJC_ARC = YES;
				CLANG_ENABLE_OBJC_WEAK = YES;
				CLANG_WARN_BLOCK_CAPTURE_AUTORELEASING = YES;
				CLANG_WARN_BOOL_CONVERSION = YES;
				CLANG_WARN_COMMA = YES;
				CLANG_WARN_CONSTANT_CONVERSION = YES;
				CLANG_WARN_DEPRECATED_OBJC_IMPLEMENTATIONS = YES;
				CLANG_WARN_DIRECT_OBJC_ISA_USAGE = YES_ERROR;
				CLANG_WARN_DOCUMENTATION_COMMENTS = YES;
				CLANG_WARN_EMPTY_BODY = YES;
				CLANG_WARN_ENUM_CONVERSION = YES;
				CLANG_WARN_INFINITE_RECURSION = YES;
				CLANG_WARN_INT_CONVERSION = YES;
				CLANG_WARN_NON_LITERAL_NULL_CONVERSION = YES;
				CLANG_WARN_OBJC_IMPLICIT_RETAIN_SELF = YES;
				CLANG_WARN_OBJC_LITERAL_CONVERSION = YES;
				CLANG_WARN_OBJC_ROOT_CLASS = YES_ERROR;
				CLANG_WARN_RANGE_LOOP_ANALYSIS = YES;
				CLANG_WARN_STRICT_PROTOTYPES = YES;
				CLANG_WARN_SUSPICIOUS_MOVE = YES;
				CLANG_WARN_UNGUARDED_AVAILABILITY = YES_AGGRESSIVE;
				CLANG_WARN_UNREACHABLE_CODE = YES;
				CLANG_WARN__DUPLICATE_METHOD_MATCH = YES;
				COPY_PHASE_STRIP = NO;
				DEBUG_INFORMATION_FORMAT = dwarf;
				ENABLE_STRICT_OBJC_MSGSEND = YES;
				ENABLE_TESTABILITY = YES;
				GCC_C_LANGUAGE_STANDARD = gnu11;
				GCC_DYNAMIC_NO_PIC = NO;
				GCC_NO_COMMON_BLOCKS = YES;
				GCC_OPTIMIZATION_LEVEL = 0;
				GCC_PREPROCESSOR_DEFINITIONS = (
					"DEBUG=1",
					"$(inherited)",
				);
				GCC_WARN_64_TO_32_BIT_CONVERSION = YES;
				GCC_WARN_ABOUT_RETURN_TYPE = YES_ERROR;
				GCC_WARN_UNDECLARED_SELECTOR = YES;
				GCC_WARN_UNINITIALIZED_AUTOS = YES_AGGRESSIVE;
				GCC_WARN_UNUSED_FUNCTION = YES;
				GCC_WARN_UNUSED_VARIABLE = YES;
				IPHONEOS_DEPLOYMENT_TARGET = 13.2;
				MTL_ENABLE_DEBUG_INFO = INCLUDE_SOURCE;
				MTL_FAST_MATH = YES;
				ONLY_ACTIVE_ARCH = YES;
				SDKROOT = iphoneos;
				SWIFT_ACTIVE_COMPILATION_CONDITIONS = DEBUG;
				SWIFT_OPTIMIZATION_LEVEL = "-Onone";
			};
			name = Debug;
		};
		E68E6D8A257CFE52005CD14E /* Release */ = {
			isa = XCBuildConfiguration;
			buildSettings = {
				ALWAYS_SEARCH_USER_PATHS = NO;
				CLANG_ANALYZER_NONNULL = YES;
				CLANG_ANALYZER_NUMBER_OBJECT_CONVERSION = YES_AGGRESSIVE;
				CLANG_CXX_LANGUAGE_STANDARD = "gnu++14";
				CLANG_CXX_LIBRARY = "libc++";
				CLANG_ENABLE_MODULES = YES;
				CLANG_ENABLE_OBJC_ARC = YES;
				CLANG_ENABLE_OBJC_WEAK = YES;
				CLANG_WARN_BLOCK_CAPTURE_AUTORELEASING = YES;
				CLANG_WARN_BOOL_CONVERSION = YES;
				CLANG_WARN_COMMA = YES;
				CLANG_WARN_CONSTANT_CONVERSION = YES;
				CLANG_WARN_DEPRECATED_OBJC_IMPLEMENTATIONS = YES;
				CLANG_WARN_DIRECT_OBJC_ISA_USAGE = YES_ERROR;
				CLANG_WARN_DOCUMENTATION_COMMENTS = YES;
				CLANG_WARN_EMPTY_BODY = YES;
				CLANG_WARN_ENUM_CONVERSION = YES;
				CLANG_WARN_INFINITE_RECURSION = YES;
				CLANG_WARN_INT_CONVERSION = YES;
				CLANG_WARN_NON_LITERAL_NULL_CONVERSION = YES;
				CLANG_WARN_OBJC_IMPLICIT_RETAIN_SELF = YES;
				CLANG_WARN_OBJC_LITERAL_CONVERSION = YES;
				CLANG_WARN_OBJC_ROOT_CLASS = YES_ERROR;
				CLANG_WARN_RANGE_LOOP_ANALYSIS = YES;
				CLANG_WARN_STRICT_PROTOTYPES = YES;
				CLANG_WARN_SUSPICIOUS_MOVE = YES;
				CLANG_WARN_UNGUARDED_AVAILABILITY = YES_AGGRESSIVE;
				CLANG_WARN_UNREACHABLE_CODE = YES;
				CLANG_WARN__DUPLICATE_METHOD_MATCH = YES;
				COPY_PHASE_STRIP = NO;
				DEBUG_INFORMATION_FORMAT = "dwarf-with-dsym";
				ENABLE_NS_ASSERTIONS = NO;
				ENABLE_STRICT_OBJC_MSGSEND = YES;
				GCC_C_LANGUAGE_STANDARD = gnu11;
				GCC_NO_COMMON_BLOCKS = YES;
				GCC_WARN_64_TO_32_BIT_CONVERSION = YES;
				GCC_WARN_ABOUT_RETURN_TYPE = YES_ERROR;
				GCC_WARN_UNDECLARED_SELECTOR = YES;
				GCC_WARN_UNINITIALIZED_AUTOS = YES_AGGRESSIVE;
				GCC_WARN_UNUSED_FUNCTION = YES;
				GCC_WARN_UNUSED_VARIABLE = YES;
				IPHONEOS_DEPLOYMENT_TARGET = 13.2;
				MTL_ENABLE_DEBUG_INFO = NO;
				MTL_FAST_MATH = YES;
				SDKROOT = iphoneos;
				SWIFT_COMPILATION_MODE = wholemodule;
				SWIFT_OPTIMIZATION_LEVEL = "-O";
				VALIDATE_PRODUCT = YES;
			};
			name = Release;
		};
		E68E6D8C257CFE52005CD14E /* Debug */ = {
			isa = XCBuildConfiguration;
			buildSettings = {
				ASSETCATALOG_COMPILER_APPICON_NAME = AppIcon;
				CODE_SIGN_STYLE = Automatic;
				DEVELOPMENT_TEAM = MF2767WRK3;
				INFOPLIST_FILE = "$(SRCROOT)/RobotApp/Resources/Info.plist";
				LD_RUNPATH_SEARCH_PATHS = (
					"$(inherited)",
					"@executable_path/Frameworks",
				);
				PRODUCT_BUNDLE_IDENTIFIER = marijnschilling.RobotApp;
				PRODUCT_NAME = "$(TARGET_NAME)";
				SWIFT_VERSION = 5.0;
				TARGETED_DEVICE_FAMILY = "1,2";
			};
			name = Debug;
		};
		E68E6D8D257CFE52005CD14E /* Release */ = {
			isa = XCBuildConfiguration;
			buildSettings = {
				ASSETCATALOG_COMPILER_APPICON_NAME = AppIcon;
				CODE_SIGN_STYLE = Automatic;
				DEVELOPMENT_TEAM = MF2767WRK3;
				INFOPLIST_FILE = "$(SRCROOT)/RobotApp/Resources/Info.plist";
				LD_RUNPATH_SEARCH_PATHS = (
					"$(inherited)",
					"@executable_path/Frameworks",
				);
				PRODUCT_BUNDLE_IDENTIFIER = marijnschilling.RobotApp;
				PRODUCT_NAME = "$(TARGET_NAME)";
				SWIFT_VERSION = 5.0;
				TARGETED_DEVICE_FAMILY = "1,2";
			};
			name = Release;
		};
		E68E6D8F257CFE52005CD14E /* Debug */ = {
			isa = XCBuildConfiguration;
			buildSettings = {
				ALWAYS_EMBED_SWIFT_STANDARD_LIBRARIES = YES;
				BUNDLE_LOADER = "$(TEST_HOST)";
				CODE_SIGN_STYLE = Automatic;
				DEVELOPMENT_TEAM = MF2767WRK3;
				INFOPLIST_FILE = RobotAppTests/Info.plist;
				IPHONEOS_DEPLOYMENT_TARGET = 13.2;
				LD_RUNPATH_SEARCH_PATHS = (
					"$(inherited)",
					"@executable_path/Frameworks",
					"@loader_path/Frameworks",
				);
				PRODUCT_BUNDLE_IDENTIFIER = marijnschilling.RobotAppTests;
				PRODUCT_NAME = "$(TARGET_NAME)";
				SWIFT_VERSION = 5.0;
				TARGETED_DEVICE_FAMILY = "1,2";
				TEST_HOST = "$(BUILT_PRODUCTS_DIR)/RobotApp.app/RobotApp";
			};
			name = Debug;
		};
		E68E6D90257CFE52005CD14E /* Release */ = {
			isa = XCBuildConfiguration;
			buildSettings = {
				ALWAYS_EMBED_SWIFT_STANDARD_LIBRARIES = YES;
				BUNDLE_LOADER = "$(TEST_HOST)";
				CODE_SIGN_STYLE = Automatic;
				DEVELOPMENT_TEAM = MF2767WRK3;
				INFOPLIST_FILE = RobotAppTests/Info.plist;
				IPHONEOS_DEPLOYMENT_TARGET = 13.2;
				LD_RUNPATH_SEARCH_PATHS = (
					"$(inherited)",
					"@executable_path/Frameworks",
					"@loader_path/Frameworks",
				);
				PRODUCT_BUNDLE_IDENTIFIER = marijnschilling.RobotAppTests;
				PRODUCT_NAME = "$(TARGET_NAME)";
				SWIFT_VERSION = 5.0;
				TARGETED_DEVICE_FAMILY = "1,2";
				TEST_HOST = "$(BUILT_PRODUCTS_DIR)/RobotApp.app/RobotApp";
			};
			name = Release;
		};
/* End XCBuildConfiguration section */

/* Begin XCConfigurationList section */
		E68E6D67257CFE50005CD14E /* Build configuration list for PBXProject "RobotApp" */ = {
			isa = XCConfigurationList;
			buildConfigurations = (
				E68E6D89257CFE52005CD14E /* Debug */,
				E68E6D8A257CFE52005CD14E /* Release */,
			);
			defaultConfigurationIsVisible = 0;
			defaultConfigurationName = Release;
		};
		E68E6D8B257CFE52005CD14E /* Build configuration list for PBXNativeTarget "RobotApp" */ = {
			isa = XCConfigurationList;
			buildConfigurations = (
				E68E6D8C257CFE52005CD14E /* Debug */,
				E68E6D8D257CFE52005CD14E /* Release */,
			);
			defaultConfigurationIsVisible = 0;
			defaultConfigurationName = Release;
		};
		E68E6D8E257CFE52005CD14E /* Build configuration list for PBXNativeTarget "RobotAppTests" */ = {
			isa = XCConfigurationList;
			buildConfigurations = (
				E68E6D8F257CFE52005CD14E /* Debug */,
				E68E6D90257CFE52005CD14E /* Release */,
			);
			defaultConfigurationIsVisible = 0;
			defaultConfigurationName = Release;
		};
/* End XCConfigurationList section */
	};
	rootObject = E68E6D64257CFE50005CD14E /* Project object */;
}
